
Microsoft Visual Studio Solution File, Format Version 12.00
# Visual Studio Version 17
VisualStudioVersion = 17.11.35312.102
MinimumVisualStudioVersion = 10.0.40219.1
Project("{FAE04EC0-301F-11D3-BF4B-00C04F79EFBC}") = "NETAngularWebApp.Server", "NETAngularWebApp.Server\NETAngularWebApp.Server.csproj", "{FA796E61-D90F-4DDE-96F2-5F9F1F4EFA77}"
EndProject
Project("{54A90642-561A-4BB1-A94E-469ADEE60C69}") = "netangularwebapp.client", "netangularwebapp.client\netangularwebapp.client.esproj", "{091956BB-32AD-48D4-98B6-B1176B67DF9D}"
EndProject
Global
	GlobalSection(SolutionConfigurationPlatforms) = preSolution
		Debug|Any CPU = Debug|Any CPU
		Release|Any CPU = Release|Any CPU
	EndGlobalSection
	GlobalSection(ProjectConfigurationPlatforms) = postSolution
		{FA796E61-D90F-4DDE-96F2-5F9F1F4EFA77}.Debug|Any CPU.ActiveCfg = Debug|Any CPU
		{FA796E61-D90F-4DDE-96F2-5F9F1F4EFA77}.Debug|Any CPU.Build.0 = Debug|Any CPU
		{FA796E61-D90F-4DDE-96F2-5F9F1F4EFA77}.Release|Any CPU.ActiveCfg = Release|Any CPU
		{FA796E61-D90F-4DDE-96F2-5F9F1F4EFA77}.Release|Any CPU.Build.0 = Release|Any CPU
		{091956BB-32AD-48D4-98B6-B1176B67DF9D}.Debug|Any CPU.ActiveCfg = Debug|Any CPU
		{091956BB-32AD-48D4-98B6-B1176B67DF9D}.Debug|Any CPU.Build.0 = Debug|Any CPU
		{091956BB-32AD-48D4-98B6-B1176B67DF9D}.Debug|Any CPU.Deploy.0 = Debug|Any CPU
		{091956BB-32AD-48D4-98B6-B1176B67DF9D}.Release|Any CPU.ActiveCfg = Release|Any CPU
		{091956BB-32AD-48D4-98B6-B1176B67DF9D}.Release|Any CPU.Build.0 = Release|Any CPU
		{091956BB-32AD-48D4-98B6-B1176B67DF9D}.Release|Any CPU.Deploy.0 = Release|Any CPU
	EndGlobalSection
	GlobalSection(SolutionProperties) = preSolution
		HideSolutionNode = FALSE
	EndGlobalSection
	GlobalSection(ExtensibilityGlobals) = postSolution
		SolutionGuid = {5F77D16A-A51A-484D-B434-DABAF9E7BEB0}
	EndGlobalSection
EndGlobal
